version = 1
requires-python = ">=3.12"

[[package]]
name = "evdev"
version = "1.7.1"
source = { registry = "https://pypi.org/simple" }
sdist = { url = "https://files.pythonhosted.org/packages/12/bb/f622a8a5e64d46ca83020a761877c0ead19140903c9aaf1431f3c531fdf6/evdev-1.7.1.tar.gz", hash = "sha256:0c72c370bda29d857e188d931019c32651a9c1ea977c08c8d939b1ced1637fde", size = 30705 }

[[package]]
name = "pynput"
version = "1.7.7"
source = { registry = "https://pypi.org/simple" }
dependencies = [
    { name = "evdev", marker = "'linux' in sys_platform" },
    { name = "pyobjc-framework-applicationservices", marker = "sys_platform == 'darwin'" },
    { name = "pyobjc-framework-quartz", marker = "sys_platform == 'darwin'" },
    { name = "python-xlib", marker = "'linux' in sys_platform" },
    { name = "six" },
]
wheels = [
    { url = "https://files.pythonhosted.org/packages/ef/1d/fdef3fdc9dc8dedc65898c8ad0e8922a914bb89c5308887e45f9aafaec36/pynput-1.7.7-py2.py3-none-any.whl", hash = "sha256:afc43f651684c98818de048abc76adf9f2d3d797083cb07c1f82be764a2d44cb", size = 90243 },
]

[[package]]
name = "pyobjc-core"
version = "10.3.2"
source = { registry = "https://pypi.org/simple" }
sdist = { url = "https://files.pythonhosted.org/packages/5d/07/2b3d63c0349fe4cf34d787a52a22faa156225808db2d1531fe58fabd779d/pyobjc_core-10.3.2.tar.gz", hash = "sha256:dbf1475d864ce594288ce03e94e3a98dc7f0e4639971eb1e312bdf6661c21e0e", size = 935182 }
wheels = [
    { url = "https://files.pythonhosted.org/packages/13/89/8808fe75efb03b29e082f9d12da31d55d5be3f55260c7b4e4cde7ebf81af/pyobjc_core-10.3.2-cp312-cp312-macosx_10_13_universal2.whl", hash = "sha256:16644a92fb9661de841ba6115e5354db06a1d193a5e239046e840013c7b3874d", size = 826024 },
    { url = "https://files.pythonhosted.org/packages/08/27/e7b8240c116cd8231ac33daaf982e36f77be33cf5448bbc568ce17371a79/pyobjc_core-10.3.2-cp313-cp313-macosx_10_13_universal2.whl", hash = "sha256:76b8b911d94501dac89821df349b1860bb770dce102a1a293f524b5b09dd9462", size = 827885 },
    { url = "https://files.pythonhosted.org/packages/de/a3/897cc31fca822a4df4ece31e4369dd9eae35bcb0b535fc9c7c21924268ba/pyobjc_core-10.3.2-cp313-cp313t-macosx_10_13_universal2.whl", hash = "sha256:8c6288fdb210b64115760a4504efbc4daffdc390d309e9318eb0e3e3b78d2828", size = 837794 },
]

[[package]]
name = "pyobjc-framework-applicationservices"
version = "10.3.2"
source = { registry = "https://pypi.org/simple" }
dependencies = [
    { name = "pyobjc-core" },
    { name = "pyobjc-framework-cocoa" },
    { name = "pyobjc-framework-coretext" },
    { name = "pyobjc-framework-quartz" },
]
sdist = { url = "https://files.pythonhosted.org/packages/78/a0/32cd02c3e5f0f740f86064a078278c180d3058c857b8425a5128866e3931/pyobjc_framework_applicationservices-10.3.2.tar.gz", hash = "sha256:2116c3854ac07c022268eebc7cb40ccba30727df78442e57e0280b5193c8183c", size = 183088 }
wheels = [
    { url = "https://files.pythonhosted.org/packages/f7/c0/59d4a79aac12052c2c594c7e4e8f16ddf16be0aaae8f8321f93ac1f92a16/pyobjc_framework_ApplicationServices-10.3.2-cp312-cp312-macosx_10_13_universal2.whl", hash = "sha256:b9174444599b6adf37c1d28915445d716324f1cdc70a1818f7cb4f181caeee1b", size = 30776 },
    { url = "https://files.pythonhosted.org/packages/09/b9/1b47a7a4d693c0686e2b94bba09db00bf1ce9f29924403448c68286ec90c/pyobjc_framework_ApplicationServices-10.3.2-cp313-cp313-macosx_10_13_universal2.whl", hash = "sha256:18ea759e4792d3ed9e8b94f0d96f6fece647e365d0bb09bb935c32262822fe01", size = 30762 },
    { url = "https://files.pythonhosted.org/packages/ba/42/64f1f76e135b356e2b911925fd55438750b939a558acb29304dad6d0ffb8/pyobjc_framework_ApplicationServices-10.3.2-cp313-cp313t-macosx_10_13_universal2.whl", hash = "sha256:1b1db81225b993cd6f93c7271e13b0bbdfd3c89fae6f7111b21dd8933fab1269", size = 31128 },
]

[[package]]
name = "pyobjc-framework-cocoa"
version = "10.3.2"
source = { registry = "https://pypi.org/simple" }
dependencies = [
    { name = "pyobjc-core" },
]
sdist = { url = "https://files.pythonhosted.org/packages/39/41/4f09a5e9a6769b4dafb293ea597ed693cc0def0e07867ad0a42664f530b6/pyobjc_framework_cocoa-10.3.2.tar.gz", hash = "sha256:673968e5435845bef969bfe374f31a1a6dc660c98608d2b84d5cae6eafa5c39d", size = 4942530 }
wheels = [
    { url = "https://files.pythonhosted.org/packages/22/fc/496c6ce1386f93d22d9a1ee1889215ed69989d976efa27e46b37b95a4f2d/pyobjc_framework_Cocoa-10.3.2-cp312-cp312-macosx_10_13_universal2.whl", hash = "sha256:c49e99fc4b9e613fb308651b99d52a8a9ae9916c8ef27aa2f5d585b6678a59bf", size = 381866 },
    { url = "https://files.pythonhosted.org/packages/4e/c4/bccb4c05422170c0afccf6ebbdcc7551f7ddd03d2f7a65498d02cb179993/pyobjc_framework_Cocoa-10.3.2-cp313-cp313-macosx_10_13_universal2.whl", hash = "sha256:f1161b5713f9b9934c12649d73a6749617172e240f9431eff9e22175262fdfda", size = 381878 },
    { url = "https://files.pythonhosted.org/packages/25/ec/68657a633512edb84ecb1ff47a067a81028d6f027aa923e806400d2f8a26/pyobjc_framework_Cocoa-10.3.2-cp313-cp313t-macosx_10_13_universal2.whl", hash = "sha256:08e48b9ee4eb393447b2b781d16663b954bd10a26927df74f92e924c05568d89", size = 384925 },
]

[[package]]
name = "pyobjc-framework-coretext"
version = "10.3.2"
source = { registry = "https://pypi.org/simple" }
dependencies = [
    { name = "pyobjc-core" },
    { name = "pyobjc-framework-cocoa" },
    { name = "pyobjc-framework-quartz" },
]
sdist = { url = "https://files.pythonhosted.org/packages/24/8e/bb442edfeeada13d2c96796bd36e3dcc0b91ac5c1a6774c21c12b7498770/pyobjc_framework_coretext-10.3.2.tar.gz", hash = "sha256:b1184146c628ba59c21c59eaa8e12256118daf8823deb7fb12013ecdfbc7f578", size = 233780 }
wheels = [
    { url = "https://files.pythonhosted.org/packages/50/b6/44e23a558a777e25f98bc54ecd2a7a0febcec67e1ebe9b4ba90c3ddd0701/pyobjc_framework_CoreText-10.3.2-cp312-cp312-macosx_10_13_universal2.whl", hash = "sha256:6be644434ac69969cbf3cd4638ab0dfa5485da399d0e79e52b006658346d3881", size = 30226 },
    { url = "https://files.pythonhosted.org/packages/65/e8/d775ba05c4bdf275afed25dbbec745aada07f8461811df9f08c84d712ca9/pyobjc_framework_CoreText-10.3.2-cp313-cp313-macosx_10_13_universal2.whl", hash = "sha256:1721a16419dd75cedf87239fcb8e4739057d3b63d23378f4b38bda12acbe815b", size = 30214 },
    { url = "https://files.pythonhosted.org/packages/f0/f0/2ba3f0a982974e4bdeaec6b961dfbbde5919ed57bff926d8362f0f3e138c/pyobjc_framework_CoreText-10.3.2-cp313-cp313t-macosx_10_13_universal2.whl", hash = "sha256:685f3b3c2a65bf0f6709ea0e420ee1dac2610c939fe151a055feb8e7b477b845", size = 30754 },
]

[[package]]
name = "pyobjc-framework-quartz"
version = "10.3.2"
source = { registry = "https://pypi.org/simple" }
dependencies = [
    { name = "pyobjc-core" },
    { name = "pyobjc-framework-cocoa" },
]
sdist = { url = "https://files.pythonhosted.org/packages/eb/bd/d78c845a6f0640975e837d1d0f04d6bbd95bb88b77dcee22482144ac5ad0/pyobjc_framework_quartz-10.3.2.tar.gz", hash = "sha256:193e7752c93e2d1304f914e3a8c069f4b66de237376c5285ba7c72e9ee0e3b15", size = 3776754 }
wheels = [
    { url = "https://files.pythonhosted.org/packages/ca/92/29f0726d1031f0958db7639ab25fd1d2591b2c0638f3a7ca771bbf2cceee/pyobjc_framework_Quartz-10.3.2-cp312-cp312-macosx_10_13_universal2.whl", hash = "sha256:604188ee8ff051ffe74a12cb3274403fe9c3fa02b15fc4132685c0f74285ffe5", size = 209183 },
    { url = "https://files.pythonhosted.org/packages/91/31/514b9b7c20fb8347dce5cdaa0934253a9c2c637d3f05b8f6ab1bb7fbbb4f/pyobjc_framework_Quartz-10.3.2-cp313-cp313-macosx_10_13_universal2.whl", hash = "sha256:9e27fb446e012c9571bc163cff5f3036e9e6fa5caca06b5d7882ad1c6b6aaf0c", size = 209167 },
    { url = "https://files.pythonhosted.org/packages/ed/8f/6c23066cfc3c65c9769ac0fb9696c94ce36dc81dba48270f9b4810ee72d6/pyobjc_framework_Quartz-10.3.2-cp313-cp313t-macosx_10_13_universal2.whl", hash = "sha256:d5bd6ef96a3d08c97cf2aca43a819113cdff494b5abebcedd7cf23b6d6e711f4", size = 213534 },
]

[[package]]
name = "python-xlib"
version = "0.33"
source = { registry = "https://pypi.org/simple" }
dependencies = [
    { name = "six" },
]
sdist = { url = "https://files.pythonhosted.org/packages/86/f5/8c0653e5bb54e0cbdfe27bf32d41f27bc4e12faa8742778c17f2a71be2c0/python-xlib-0.33.tar.gz", hash = "sha256:55af7906a2c75ce6cb280a584776080602444f75815a7aff4d287bb2d7018b32", size = 269068 }
wheels = [
    { url = "https://files.pythonhosted.org/packages/fc/b8/ff33610932e0ee81ae7f1269c890f697d56ff74b9f5b2ee5d9b7fa2c5355/python_xlib-0.33-py2.py3-none-any.whl", hash = "sha256:c3534038d42e0df2f1392a1b30a15a4ff5fdc2b86cfa94f072bf11b10a164398", size = 182185 },
]

[[package]]
name = "six"
version = "1.17.0"
source = { registry = "https://pypi.org/simple" }
sdist = { url = "https://files.pythonhosted.org/packages/94/e7/b2c673351809dca68a0e064b6af791aa332cf192da575fd474ed7d6f16a2/six-1.17.0.tar.gz", hash = "sha256:ff70335d468e7eb6ec65b95b99d3a2836546063f63acc5171de367e834932a81", size = 34031 }
wheels = [
    { url = "https://files.pythonhosted.org/packages/b7/ce/149a00dd41f10bc29e5921b496af8b574d8413afcd5e30dfa0ed46c2cc5e/six-1.17.0-py2.py3-none-any.whl", hash = "sha256:4721f391ed90541fddacab5acf947aa0d3dc7d27b2e1e8eda2be8970586c3274", size = 11050 },
]

[[package]]
name = "typing-counter"
version = "0.2.0"
source = { virtual = "." }
dependencies = [
    { name = "pynput" },
]

[package.metadata]
requires-dist = [{ name = "pynput", specifier = ">=1.7.7" }]
